
Microsoft Visual Studio Solution File, Format Version 12.00
# Visual Studio Version 17
VisualStudioVersion = 17.11.35327.3
MinimumVisualStudioVersion = 10.0.40219.1
Project("{FAE04EC0-301F-11D3-BF4B-00C04F79EFBC}") = "WebTechnology", "WebTechnology\WebTechnology.csproj", "{1E02FD71-D461-40EC-9EC4-8C2221A52B62}"
EndProject
Global
	GlobalSection(SolutionConfigurationPlatforms) = preSolution
		Debug|Any CPU = Debug|Any CPU
		Release|Any CPU = Release|Any CPU
	EndGlobalSection
	GlobalSection(ProjectConfigurationPlatforms) = postSolution
		{1E02FD71-D461-40EC-9EC4-8C2221A52B62}.Debug|Any CPU.ActiveCfg = Debug|Any CPU
		{1E02FD71-D461-40EC-9EC4-8C2221A52B62}.Debug|Any CPU.Build.0 = Debug|Any CPU
		{1E02FD71-D461-40EC-9EC4-8C2221A52B62}.Release|Any CPU.ActiveCfg = Release|Any CPU
		{1E02FD71-D461-40EC-9EC4-8C2221A52B62}.Release|Any CPU.Build.0 = Release|Any CPU
	EndGlobalSection
	GlobalSection(SolutionProperties) = preSolution
		HideSolutionNode = FALSE
	EndGlobalSection
	GlobalSection(ExtensibilityGlobals) = postSolution
		SolutionGuid = {1A43E4C7-25CE-4BF0-8F11-1F79B294EE65}
	EndGlobalSection
EndGlobal
